
Microsoft Visual Studio Solution File, Format Version 12.00
# Visual Studio Version 17
VisualStudioVersion = 17.6.33723.286
MinimumVisualStudioVersion = 10.0.40219.1
Project("{9A19103F-16F7-4668-BE54-9A1E7A4F7556}") = "WeatherTemperature.API", "WeatherTemperature.API.csproj", "{75F248EF-C2A7-48B0-B0E2-FF86A7F27551}"
EndProject
Project("{2150E333-8FDC-42A3-9474-1A3956D46DE8}") = "Abstraction", "Abstraction", "{5E1371B8-27EC-4A17-848D-02CFA6EAEFB3}"
EndProject
Global
	GlobalSection(SolutionConfigurationPlatforms) = preSolution
		Debug|Any CPU = Debug|Any CPU
		Release|Any CPU = Release|Any CPU
	EndGlobalSection
	GlobalSection(ProjectConfigurationPlatforms) = postSolution
		{75F248EF-C2A7-48B0-B0E2-FF86A7F27551}.Debug|Any CPU.ActiveCfg = Debug|Any CPU
		{75F248EF-C2A7-48B0-B0E2-FF86A7F27551}.Debug|Any CPU.Build.0 = Debug|Any CPU
		{75F248EF-C2A7-48B0-B0E2-FF86A7F27551}.Release|Any CPU.ActiveCfg = Release|Any CPU
		{75F248EF-C2A7-48B0-B0E2-FF86A7F27551}.Release|Any CPU.Build.0 = Release|Any CPU
	EndGlobalSection
	GlobalSection(SolutionProperties) = preSolution
		HideSolutionNode = FALSE
	EndGlobalSection
	GlobalSection(ExtensibilityGlobals) = postSolution
		SolutionGuid = {45D26585-4235-4681-969E-FECD1F45FD90}
	EndGlobalSection
EndGlobal
